
Microsoft Visual Studio Solution File, Format Version 12.00
# Visual Studio 15
VisualStudioVersion = 15.0.28307.1259
MinimumVisualStudioVersion = 10.0.40219.1
Project("{FAE04EC0-301F-11D3-BF4B-00C04F79EFBC}") = "Aula6Exfix1", "Aula6Exfix1\Aula6Exfix1.csproj", "{03453CDB-5333-404D-9C52-E7E75D0D957B}"
EndProject
Global
	GlobalSection(SolutionConfigurationPlatforms) = preSolution
		Debug|Any CPU = Debug|Any CPU
		Release|Any CPU = Release|Any CPU
	EndGlobalSection
	GlobalSection(ProjectConfigurationPlatforms) = postSolution
		{03453CDB-5333-404D-9C52-E7E75D0D957B}.Debug|Any CPU.ActiveCfg = Debug|Any CPU
		{03453CDB-5333-404D-9C52-E7E75D0D957B}.Debug|Any CPU.Build.0 = Debug|Any CPU
		{03453CDB-5333-404D-9C52-E7E75D0D957B}.Release|Any CPU.ActiveCfg = Release|Any CPU
		{03453CDB-5333-404D-9C52-E7E75D0D957B}.Release|Any CPU.Build.0 = Release|Any CPU
	EndGlobalSection
	GlobalSection(SolutionProperties) = preSolution
		HideSolutionNode = FALSE
	EndGlobalSection
	GlobalSection(ExtensibilityGlobals) = postSolution
		SolutionGuid = {AF9D1B73-F79A-4817-A09E-212791932CB6}
	EndGlobalSection
EndGlobal
